
Microsoft Visual Studio Solution File, Format Version 12.00
# Visual Studio Version 17
VisualStudioVersion = 17.3.32505.426
MinimumVisualStudioVersion = 10.0.40219.1
Project("{FAE04EC0-301F-11D3-BF4B-00C04F79EFBC}") = "SharedClassLib", "SharedClassLib.csproj", "{EA69D029-EF28-47BB-88FE-F5835B1E854E}"
EndProject
Global
	GlobalSection(SolutionConfigurationPlatforms) = preSolution
		Debug|Any CPU = Debug|Any CPU
		Release|Any CPU = Release|Any CPU
	EndGlobalSection
	GlobalSection(ProjectConfigurationPlatforms) = postSolution
		{EA69D029-EF28-47BB-88FE-F5835B1E854E}.Debug|Any CPU.ActiveCfg = Debug|Any CPU
		{EA69D029-EF28-47BB-88FE-F5835B1E854E}.Debug|Any CPU.Build.0 = Debug|Any CPU
		{EA69D029-EF28-47BB-88FE-F5835B1E854E}.Release|Any CPU.ActiveCfg = Release|Any CPU
		{EA69D029-EF28-47BB-88FE-F5835B1E854E}.Release|Any CPU.Build.0 = Release|Any CPU
	EndGlobalSection
	GlobalSection(SolutionProperties) = preSolution
		HideSolutionNode = FALSE
	EndGlobalSection
	GlobalSection(ExtensibilityGlobals) = postSolution
		SolutionGuid = {06B926A6-47E5-4BF3-94F5-458D462286C7}
	EndGlobalSection
EndGlobal
