
Microsoft Visual Studio Solution File, Format Version 12.00
# Visual Studio Version 17
VisualStudioVersion = 17.3.32505.426
MinimumVisualStudioVersion = 10.0.40219.1
Project("{FAE04EC0-301F-11D3-BF4B-00C04F79EFBC}") = "SharedClassLib.1", "SharedClassLib.1.csproj", "{EA69D029-EF28-47BB-88FE-F5835B1E854E}"
EndProject
#if (Net8 || CentralPkgMgmt)
Project("{2150E333-8FDC-42A3-9474-1A3956D46DE8}") = "Solution Items", "Solution Items", "{1D17E9ED-22F1-4992-AE45-B8507EFD6950}"
	ProjectSection(SolutionItems) = preProject
		Directory.Packages.props = Directory.Packages.props
	EndProjectSection
EndProject
#endif
Global
	GlobalSection(SolutionConfigurationPlatforms) = preSolution
		Debug|Any CPU = Debug|Any CPU
		Release|Any CPU = Release|Any CPU
	EndGlobalSection
	GlobalSection(ProjectConfigurationPlatforms) = postSolution
		{EA69D029-EF28-47BB-88FE-F5835B1E854E}.Debug|Any CPU.ActiveCfg = Debug|Any CPU
		{EA69D029-EF28-47BB-88FE-F5835B1E854E}.Debug|Any CPU.Build.0 = Debug|Any CPU
		{EA69D029-EF28-47BB-88FE-F5835B1E854E}.Release|Any CPU.ActiveCfg = Release|Any CPU
		{EA69D029-EF28-47BB-88FE-F5835B1E854E}.Release|Any CPU.Build.0 = Release|Any CPU
	EndGlobalSection
	GlobalSection(SolutionProperties) = preSolution
		HideSolutionNode = FALSE
	EndGlobalSection
	GlobalSection(ExtensibilityGlobals) = postSolution
		SolutionGuid = {06B926A6-47E5-4BF3-94F5-458D462286C7}
	EndGlobalSection
EndGlobal
