
Microsoft Visual Studio Solution File, Format Version 12.00
# Visual Studio Version 17
VisualStudioVersion = 17.0.31512.422
MinimumVisualStudioVersion = 10.0.40219.1
Project("{FAE04EC0-301F-11D3-BF4B-00C04F79EFBC}") = "MauiTemplates", "MauiTemplates\MauiTemplates.csproj", "{A007B1D4-37EB-457E-B195-5A30D4B8671E}"
EndProject
Global
	GlobalSection(SolutionConfigurationPlatforms) = preSolution
		Debug|Any CPU = Debug|Any CPU
		Debug|x86 = Debug|x86
		Release|Any CPU = Release|Any CPU
		Release|x86 = Release|x86
	EndGlobalSection
	GlobalSection(ProjectConfigurationPlatforms) = postSolution
		{A007B1D4-37EB-457E-B195-5A30D4B8671E}.Debug|Any CPU.ActiveCfg = Debug|Any CPU
		{A007B1D4-37EB-457E-B195-5A30D4B8671E}.Debug|Any CPU.Build.0 = Debug|Any CPU
		{A007B1D4-37EB-457E-B195-5A30D4B8671E}.Debug|x86.ActiveCfg = Debug|x86
		{A007B1D4-37EB-457E-B195-5A30D4B8671E}.Debug|x86.Build.0 = Debug|x86
		{A007B1D4-37EB-457E-B195-5A30D4B8671E}.Release|Any CPU.ActiveCfg = Release|Any CPU
		{A007B1D4-37EB-457E-B195-5A30D4B8671E}.Release|Any CPU.Build.0 = Release|Any CPU
		{A007B1D4-37EB-457E-B195-5A30D4B8671E}.Release|x86.ActiveCfg = Release|x86
		{A007B1D4-37EB-457E-B195-5A30D4B8671E}.Release|x86.Build.0 = Release|x86
	EndGlobalSection
	GlobalSection(SolutionProperties) = preSolution
		HideSolutionNode = FALSE
	EndGlobalSection
	GlobalSection(ExtensibilityGlobals) = postSolution
		SolutionGuid = {DE216727-7B86-42AA-B323-E2CCC5DBE0E8}
	EndGlobalSection
EndGlobal
